// !$*UTF8*$!
{
	archiveVersion = 1;
	classes = {
	};
	objectVersion = 50;
	objects = {

/* Begin PBXBuildFile section */
		3D2BF2B4219DDD6D00432BD6 /* RoundedButton.swift in Sources */ = {isa = PBXBuildFile; fileRef = 3D2BF2B3219DDD6D00432BD6 /* RoundedButton.swift */; };
		3D5C2EA1219B4E27004C53A6 /* Constants.swift in Sources */ = {isa = PBXBuildFile; fileRef = 3D5C2EA0219B4E27004C53A6 /* Constants.swift */; };
		3D5C2EA3219B4EA1004C53A6 /* NewAccountVC.swift in Sources */ = {isa = PBXBuildFile; fileRef = 3D5C2EA2219B4EA1004C53A6 /* NewAccountVC.swift */; };
		3D5C2EA6219B7367004C53A6 /* AuthService.swift in Sources */ = {isa = PBXBuildFile; fileRef = 3D5C2EA5219B7367004C53A6 /* AuthService.swift */; };
		3DB26C63219728D700FA38EF /* AppDelegate.swift in Sources */ = {isa = PBXBuildFile; fileRef = 3DB26C62219728D700FA38EF /* AppDelegate.swift */; };
		3DB26C68219728D700FA38EF /* Main.storyboard in Resources */ = {isa = PBXBuildFile; fileRef = 3DB26C66219728D700FA38EF /* Main.storyboard */; };
		3DB26C6A219728D900FA38EF /* Assets.xcassets in Resources */ = {isa = PBXBuildFile; fileRef = 3DB26C69219728D900FA38EF /* Assets.xcassets */; };
		3DB26C6D219728D900FA38EF /* LaunchScreen.storyboard in Resources */ = {isa = PBXBuildFile; fileRef = 3DB26C6B219728D900FA38EF /* LaunchScreen.storyboard */; };
		3DB26C75219A0ED800FA38EF /* LoginVC.swift in Sources */ = {isa = PBXBuildFile; fileRef = 3DB26C74219A0ED800FA38EF /* LoginVC.swift */; };
		3DC15B44219F9152005807D1 /* LeadButtonVC.swift in Sources */ = {isa = PBXBuildFile; fileRef = 3DC15B43219F9152005807D1 /* LeadButtonVC.swift */; };
		3DC364A021AC6041000D4135 /* ProfileVC.swift in Sources */ = {isa = PBXBuildFile; fileRef = 3DC3649E21AC6041000D4135 /* ProfileVC.swift */; };
		3DC364A121AC6041000D4135 /* ProfileVC.xib in Resources */ = {isa = PBXBuildFile; fileRef = 3DC3649F21AC6041000D4135 /* ProfileVC.xib */; };
		3DD21B54219F80D4006D0307 /* UserDataService.swift in Sources */ = {isa = PBXBuildFile; fileRef = 3DD21B53219F80D4006D0307 /* UserDataService.swift */; };
		D20248B56E8401F3BBEE5D85 /* Pods_solariOSApp.framework in Frameworks */ = {isa = PBXBuildFile; fileRef = C191ADDB71B5E7F831879F58 /* Pods_solariOSApp.framework */; };
/* End PBXBuildFile section */

/* Begin PBXFileReference section */
		21B90700B1C3BA1A6E8DBCD3 /* Pods-solariOSApp.release.xcconfig */ = {isa = PBXFileReference; includeInIndex = 1; lastKnownFileType = text.xcconfig; name = "Pods-solariOSApp.release.xcconfig"; path = "Pods/Target Support Files/Pods-solariOSApp/Pods-solariOSApp.release.xcconfig"; sourceTree = "<group>"; };
		3D2BF2B3219DDD6D00432BD6 /* RoundedButton.swift */ = {isa = PBXFileReference; lastKnownFileType = sourcecode.swift; path = RoundedButton.swift; sourceTree = "<group>"; };
		3D5C2EA0219B4E27004C53A6 /* Constants.swift */ = {isa = PBXFileReference; lastKnownFileType = sourcecode.swift; path = Constants.swift; sourceTree = "<group>"; };
		3D5C2EA2219B4EA1004C53A6 /* NewAccountVC.swift */ = {isa = PBXFileReference; lastKnownFileType = sourcecode.swift; path = NewAccountVC.swift; sourceTree = "<group>"; };
		3D5C2EA5219B7367004C53A6 /* AuthService.swift */ = {isa = PBXFileReference; lastKnownFileType = sourcecode.swift; path = AuthService.swift; sourceTree = "<group>"; };
		3DB26C5F219728D700FA38EF /* solariOSApp.app */ = {isa = PBXFileReference; explicitFileType = wrapper.application; includeInIndex = 0; path = solariOSApp.app; sourceTree = BUILT_PRODUCTS_DIR; };
		3DB26C62219728D700FA38EF /* AppDelegate.swift */ = {isa = PBXFileReference; lastKnownFileType = sourcecode.swift; path = AppDelegate.swift; sourceTree = "<group>"; };
		3DB26C67219728D700FA38EF /* Base */ = {isa = PBXFileReference; lastKnownFileType = file.storyboard; name = Base; path = Base.lproj/Main.storyboard; sourceTree = "<group>"; };
		3DB26C69219728D900FA38EF /* Assets.xcassets */ = {isa = PBXFileReference; lastKnownFileType = folder.assetcatalog; path = Assets.xcassets; sourceTree = "<group>"; };
		3DB26C6C219728D900FA38EF /* Base */ = {isa = PBXFileReference; lastKnownFileType = file.storyboard; name = Base; path = Base.lproj/LaunchScreen.storyboard; sourceTree = "<group>"; };
		3DB26C6E219728D900FA38EF /* Info.plist */ = {isa = PBXFileReference; lastKnownFileType = text.plist.xml; path = Info.plist; sourceTree = "<group>"; };
		3DB26C74219A0ED800FA38EF /* LoginVC.swift */ = {isa = PBXFileReference; lastKnownFileType = sourcecode.swift; path = LoginVC.swift; sourceTree = "<group>"; };
		3DC15B43219F9152005807D1 /* LeadButtonVC.swift */ = {isa = PBXFileReference; lastKnownFileType = sourcecode.swift; path = LeadButtonVC.swift; sourceTree = "<group>"; };
		3DC3649E21AC6041000D4135 /* ProfileVC.swift */ = {isa = PBXFileReference; lastKnownFileType = sourcecode.swift; path = ProfileVC.swift; sourceTree = "<group>"; };
		3DC3649F21AC6041000D4135 /* ProfileVC.xib */ = {isa = PBXFileReference; lastKnownFileType = file.xib; path = ProfileVC.xib; sourceTree = "<group>"; };
		3DD21B53219F80D4006D0307 /* UserDataService.swift */ = {isa = PBXFileReference; lastKnownFileType = sourcecode.swift; path = UserDataService.swift; sourceTree = "<group>"; };
		52561AB4E76ABABAB98B117B /* Pods-solariOSApp.debug.xcconfig */ = {isa = PBXFileReference; includeInIndex = 1; lastKnownFileType = text.xcconfig; name = "Pods-solariOSApp.debug.xcconfig"; path = "Pods/Target Support Files/Pods-solariOSApp/Pods-solariOSApp.debug.xcconfig"; sourceTree = "<group>"; };
		C191ADDB71B5E7F831879F58 /* Pods_solariOSApp.framework */ = {isa = PBXFileReference; explicitFileType = wrapper.framework; includeInIndex = 0; path = Pods_solariOSApp.framework; sourceTree = BUILT_PRODUCTS_DIR; };
/* End PBXFileReference section */

/* Begin PBXFrameworksBuildPhase section */
		3DB26C5C219728D700FA38EF /* Frameworks */ = {
			isa = PBXFrameworksBuildPhase;
			buildActionMask = 2147483647;
			files = (
				D20248B56E8401F3BBEE5D85 /* Pods_solariOSApp.framework in Frameworks */,
			);
			runOnlyForDeploymentPostprocessing = 0;
		};
/* End PBXFrameworksBuildPhase section */

/* Begin PBXGroup section */
		3D5C2E9F219B4E05004C53A6 /* Utilities */ = {
			isa = PBXGroup;
			children = (
				3D5C2EA0219B4E27004C53A6 /* Constants.swift */,
			);
			path = Utilities;
			sourceTree = "<group>";
		};
		3D5C2EA4219B7345004C53A6 /* Services */ = {
			isa = PBXGroup;
			children = (
				3D5C2EA5219B7367004C53A6 /* AuthService.swift */,
				3DD21B53219F80D4006D0307 /* UserDataService.swift */,
			);
			path = Services;
			sourceTree = "<group>";
		};
		3DB26C56219728D700FA38EF = {
			isa = PBXGroup;
			children = (
				3DB26C61219728D700FA38EF /* solariOSApp */,
				3DB26C60219728D700FA38EF /* Products */,
				85BFB21643D4D066B7581382 /* Pods */,
				97A41907D3EFC8B826D74BF5 /* Frameworks */,
			);
			sourceTree = "<group>";
		};
		3DB26C60219728D700FA38EF /* Products */ = {
			isa = PBXGroup;
			children = (
				3DB26C5F219728D700FA38EF /* solariOSApp.app */,
			);
			name = Products;
			sourceTree = "<group>";
		};
		3DB26C61219728D700FA38EF /* solariOSApp */ = {
			isa = PBXGroup;
			children = (
				3DC364A221AC6057000D4135 /* XIBs */,
				3D5C2EA4219B7345004C53A6 /* Services */,
				3D5C2E9F219B4E05004C53A6 /* Utilities */,
				3DB26C78219A0F0500FA38EF /* Controller */,
				3DB26C77219A0F0000FA38EF /* View */,
				3DB26C76219A0EF700FA38EF /* Model */,
				3DB26C62219728D700FA38EF /* AppDelegate.swift */,
				3DB26C66219728D700FA38EF /* Main.storyboard */,
				3DB26C69219728D900FA38EF /* Assets.xcassets */,
				3DB26C6B219728D900FA38EF /* LaunchScreen.storyboard */,
				3DB26C6E219728D900FA38EF /* Info.plist */,
			);
			path = solariOSApp;
			sourceTree = "<group>";
		};
		3DB26C76219A0EF700FA38EF /* Model */ = {
			isa = PBXGroup;
			children = (
			);
			path = Model;
			sourceTree = "<group>";
		};
		3DB26C77219A0F0000FA38EF /* View */ = {
			isa = PBXGroup;
			children = (
				3D2BF2B3219DDD6D00432BD6 /* RoundedButton.swift */,
			);
			path = View;
			sourceTree = "<group>";
		};
		3DB26C78219A0F0500FA38EF /* Controller */ = {
			isa = PBXGroup;
			children = (
				3DB26C74219A0ED800FA38EF /* LoginVC.swift */,
				3D5C2EA2219B4EA1004C53A6 /* NewAccountVC.swift */,
				3DC15B43219F9152005807D1 /* LeadButtonVC.swift */,
				3DC3649E21AC6041000D4135 /* ProfileVC.swift */,
			);
			path = Controller;
			sourceTree = "<group>";
		};
		3DC364A221AC6057000D4135 /* XIBs */ = {
			isa = PBXGroup;
			children = (
				3DC3649F21AC6041000D4135 /* ProfileVC.xib */,
			);
			path = XIBs;
			sourceTree = "<group>";
		};
		85BFB21643D4D066B7581382 /* Pods */ = {
			isa = PBXGroup;
			children = (
				52561AB4E76ABABAB98B117B /* Pods-solariOSApp.debug.xcconfig */,
				21B90700B1C3BA1A6E8DBCD3 /* Pods-solariOSApp.release.xcconfig */,
			);
			name = Pods;
			sourceTree = "<group>";
		};
		97A41907D3EFC8B826D74BF5 /* Frameworks */ = {
			isa = PBXGroup;
			children = (
				C191ADDB71B5E7F831879F58 /* Pods_solariOSApp.framework */,
			);
			name = Frameworks;
			sourceTree = "<group>";
		};
/* End PBXGroup section */

/* Begin PBXNativeTarget section */
		3DB26C5E219728D700FA38EF /* solariOSApp */ = {
			isa = PBXNativeTarget;
			buildConfigurationList = 3DB26C71219728D900FA38EF /* Build configuration list for PBXNativeTarget "solariOSApp" */;
			buildPhases = (
				E92E6B7383E62F0E9CE583BC /* [CP] Check Pods Manifest.lock */,
				3DB26C5B219728D700FA38EF /* Sources */,
				3DB26C5C219728D700FA38EF /* Frameworks */,
				3DB26C5D219728D700FA38EF /* Resources */,
				AA497A03621CF516A9FBC05E /* [CP] Embed Pods Frameworks */,
			);
			buildRules = (
			);
			dependencies = (
			);
			name = solariOSApp;
			productName = solariOSApp;
			productReference = 3DB26C5F219728D700FA38EF /* solariOSApp.app */;
			productType = "com.apple.product-type.application";
		};
/* End PBXNativeTarget section */

/* Begin PBXProject section */
		3DB26C57219728D700FA38EF /* Project object */ = {
			isa = PBXProject;
			attributes = {
				LastSwiftUpdateCheck = 1010;
				LastUpgradeCheck = 1010;
				ORGANIZATIONNAME = "West Kraemer";
				TargetAttributes = {
					3DB26C5E219728D700FA38EF = {
						CreatedOnToolsVersion = 10.1;
					};
				};
			};
			buildConfigurationList = 3DB26C5A219728D700FA38EF /* Build configuration list for PBXProject "solariOSApp" */;
			compatibilityVersion = "Xcode 9.3";
			developmentRegion = en;
			hasScannedForEncodings = 0;
			knownRegions = (
				en,
				Base,
			);
			mainGroup = 3DB26C56219728D700FA38EF;
			productRefGroup = 3DB26C60219728D700FA38EF /* Products */;
			projectDirPath = "";
			projectRoot = "";
			targets = (
				3DB26C5E219728D700FA38EF /* solariOSApp */,
			);
		};
/* End PBXProject section */

/* Begin PBXResourcesBuildPhase section */
		3DB26C5D219728D700FA38EF /* Resources */ = {
			isa = PBXResourcesBuildPhase;
			buildActionMask = 2147483647;
			files = (
				3DC364A121AC6041000D4135 /* ProfileVC.xib in Resources */,
				3DB26C6D219728D900FA38EF /* LaunchScreen.storyboard in Resources */,
				3DB26C6A219728D900FA38EF /* Assets.xcassets in Resources */,
				3DB26C68219728D700FA38EF /* Main.storyboard in Resources */,
			);
			runOnlyForDeploymentPostprocessing = 0;
		};
/* End PBXResourcesBuildPhase section */

/* Begin PBXShellScriptBuildPhase section */
		AA497A03621CF516A9FBC05E /* [CP] Embed Pods Frameworks */ = {
			isa = PBXShellScriptBuildPhase;
			buildActionMask = 2147483647;
			files = (
			);
			inputPaths = (
				"${SRCROOT}/Pods/Target Support Files/Pods-solariOSApp/Pods-solariOSApp-frameworks.sh",
				"${BUILT_PRODUCTS_DIR}/Alamofire/Alamofire.framework",
				"${BUILT_PRODUCTS_DIR}/Socket.IO-Client-Swift/SocketIO.framework",
				"${BUILT_PRODUCTS_DIR}/Starscream/Starscream.framework",
				"${BUILT_PRODUCTS_DIR}/SwiftyJSON/SwiftyJSON.framework",
			);
			name = "[CP] Embed Pods Frameworks";
			outputPaths = (
				"${TARGET_BUILD_DIR}/${FRAMEWORKS_FOLDER_PATH}/Alamofire.framework",
				"${TARGET_BUILD_DIR}/${FRAMEWORKS_FOLDER_PATH}/SocketIO.framework",
				"${TARGET_BUILD_DIR}/${FRAMEWORKS_FOLDER_PATH}/Starscream.framework",
				"${TARGET_BUILD_DIR}/${FRAMEWORKS_FOLDER_PATH}/SwiftyJSON.framework",
			);
			runOnlyForDeploymentPostprocessing = 0;
			shellPath = /bin/sh;
			shellScript = "\"${SRCROOT}/Pods/Target Support Files/Pods-solariOSApp/Pods-solariOSApp-frameworks.sh\"\n";
			showEnvVarsInLog = 0;
		};
		E92E6B7383E62F0E9CE583BC /* [CP] Check Pods Manifest.lock */ = {
			isa = PBXShellScriptBuildPhase;
			buildActionMask = 2147483647;
			files = (
			);
			inputPaths = (
				"${PODS_PODFILE_DIR_PATH}/Podfile.lock",
				"${PODS_ROOT}/Manifest.lock",
			);
			name = "[CP] Check Pods Manifest.lock";
			outputPaths = (
				"$(DERIVED_FILE_DIR)/Pods-solariOSApp-checkManifestLockResult.txt",
			);
			runOnlyForDeploymentPostprocessing = 0;
			shellPath = /bin/sh;
			shellScript = "diff \"${PODS_PODFILE_DIR_PATH}/Podfile.lock\" \"${PODS_ROOT}/Manifest.lock\" > /dev/null\nif [ $? != 0 ] ; then\n    # print error to STDERR\n    echo \"error: The sandbox is not in sync with the Podfile.lock. Run 'pod install' or update your CocoaPods installation.\" >&2\n    exit 1\nfi\n# This output is used by Xcode 'outputs' to avoid re-running this script phase.\necho \"SUCCESS\" > \"${SCRIPT_OUTPUT_FILE_0}\"\n";
			showEnvVarsInLog = 0;
		};
/* End PBXShellScriptBuildPhase section */

/* Begin PBXSourcesBuildPhase section */
		3DB26C5B219728D700FA38EF /* Sources */ = {
			isa = PBXSourcesBuildPhase;
			buildActionMask = 2147483647;
			files = (
				3DC15B44219F9152005807D1 /* LeadButtonVC.swift in Sources */,
				3DB26C63219728D700FA38EF /* AppDelegate.swift in Sources */,
				3D2BF2B4219DDD6D00432BD6 /* RoundedButton.swift in Sources */,
				3DC364A021AC6041000D4135 /* ProfileVC.swift in Sources */,
				3DD21B54219F80D4006D0307 /* UserDataService.swift in Sources */,
				3D5C2EA3219B4EA1004C53A6 /* NewAccountVC.swift in Sources */,
				3D5C2EA6219B7367004C53A6 /* AuthService.swift in Sources */,
				3DB26C75219A0ED800FA38EF /* LoginVC.swift in Sources */,
				3D5C2EA1219B4E27004C53A6 /* Constants.swift in Sources */,
			);
			runOnlyForDeploymentPostprocessing = 0;
		};
/* End PBXSourcesBuildPhase section */

/* Begin PBXVariantGroup section */
		3DB26C66219728D700FA38EF /* Main.storyboard */ = {
			isa = PBXVariantGroup;
			children = (
				3DB26C67219728D700FA38EF /* Base */,
			);
			name = Main.storyboard;
			sourceTree = "<group>";
		};
		3DB26C6B219728D900FA38EF /* LaunchScreen.storyboard */ = {
			isa = PBXVariantGroup;
			children = (
				3DB26C6C219728D900FA38EF /* Base */,
			);
			name = LaunchScreen.storyboard;
			sourceTree = "<group>";
		};
/* End PBXVariantGroup section */

/* Begin XCBuildConfiguration section */
		3DB26C6F219728D900FA38EF /* Debug */ = {
			isa = XCBuildConfiguration;
			buildSettings = {
				ALWAYS_SEARCH_USER_PATHS = NO;
				CLANG_ANALYZER_NONNULL = YES;
				CLANG_ANALYZER_NUMBER_OBJECT_CONVERSION = YES_AGGRESSIVE;
				CLANG_CXX_LANGUAGE_STANDARD = "gnu++14";
				CLANG_CXX_LIBRARY = "libc++";
				CLANG_ENABLE_MODULES = YES;
				CLANG_ENABLE_OBJC_ARC = YES;
				CLANG_ENABLE_OBJC_WEAK = YES;
				CLANG_WARN_BLOCK_CAPTURE_AUTORELEASING = YES;
				CLANG_WARN_BOOL_CONVERSION = YES;
				CLANG_WARN_COMMA = YES;
				CLANG_WARN_CONSTANT_CONVERSION = YES;
				CLANG_WARN_DEPRECATED_OBJC_IMPLEMENTATIONS = YES;
				CLANG_WARN_DIRECT_OBJC_ISA_USAGE = YES_ERROR;
				CLANG_WARN_DOCUMENTATION_COMMENTS = YES;
				CLANG_WARN_EMPTY_BODY = YES;
				CLANG_WARN_ENUM_CONVERSION = YES;
				CLANG_WARN_INFINITE_RECURSION = YES;
				CLANG_WARN_INT_CONVERSION = YES;
				CLANG_WARN_NON_LITERAL_NULL_CONVERSION = YES;
				CLANG_WARN_OBJC_IMPLICIT_RETAIN_SELF = YES;
				CLANG_WARN_OBJC_LITERAL_CONVERSION = YES;
				CLANG_WARN_OBJC_ROOT_CLASS = YES_ERROR;
				CLANG_WARN_RANGE_LOOP_ANALYSIS = YES;
				CLANG_WARN_STRICT_PROTOTYPES = YES;
				CLANG_WARN_SUSPICIOUS_MOVE = YES;
				CLANG_WARN_UNGUARDED_AVAILABILITY = YES_AGGRESSIVE;
				CLANG_WARN_UNREACHABLE_CODE = YES;
				CLANG_WARN__DUPLICATE_METHOD_MATCH = YES;
				CODE_SIGN_IDENTITY = "iPhone Developer";
				COPY_PHASE_STRIP = NO;
				DEBUG_INFORMATION_FORMAT = dwarf;
				ENABLE_STRICT_OBJC_MSGSEND = YES;
				ENABLE_TESTABILITY = YES;
				GCC_C_LANGUAGE_STANDARD = gnu11;
				GCC_DYNAMIC_NO_PIC = NO;
				GCC_NO_COMMON_BLOCKS = YES;
				GCC_OPTIMIZATION_LEVEL = 0;
				GCC_PREPROCESSOR_DEFINITIONS = (
					"DEBUG=1",
					"$(inherited)",
				);
				GCC_WARN_64_TO_32_BIT_CONVERSION = YES;
				GCC_WARN_ABOUT_RETURN_TYPE = YES_ERROR;
				GCC_WARN_UNDECLARED_SELECTOR = YES;
				GCC_WARN_UNINITIALIZED_AUTOS = YES_AGGRESSIVE;
				GCC_WARN_UNUSED_FUNCTION = YES;
				GCC_WARN_UNUSED_VARIABLE = YES;
				IPHONEOS_DEPLOYMENT_TARGET = 12.1;
				MTL_ENABLE_DEBUG_INFO = INCLUDE_SOURCE;
				MTL_FAST_MATH = YES;
				ONLY_ACTIVE_ARCH = YES;
				SDKROOT = iphoneos;
				SWIFT_ACTIVE_COMPILATION_CONDITIONS = DEBUG;
				SWIFT_OPTIMIZATION_LEVEL = "-Onone";
			};
			name = Debug;
		};
		3DB26C70219728D900FA38EF /* Release */ = {
			isa = XCBuildConfiguration;
			buildSettings = {
				ALWAYS_SEARCH_USER_PATHS = NO;
				CLANG_ANALYZER_NONNULL = YES;
				CLANG_ANALYZER_NUMBER_OBJECT_CONVERSION = YES_AGGRESSIVE;
				CLANG_CXX_LANGUAGE_STANDARD = "gnu++14";
				CLANG_CXX_LIBRARY = "libc++";
				CLANG_ENABLE_MODULES = YES;
				CLANG_ENABLE_OBJC_ARC = YES;
				CLANG_ENABLE_OBJC_WEAK = YES;
				CLANG_WARN_BLOCK_CAPTURE_AUTORELEASING = YES;
				CLANG_WARN_BOOL_CONVERSION = YES;
				CLANG_WARN_COMMA = YES;
				CLANG_WARN_CONSTANT_CONVERSION = YES;
				CLANG_WARN_DEPRECATED_OBJC_IMPLEMENTATIONS = YES;
				CLANG_WARN_DIRECT_OBJC_ISA_USAGE = YES_ERROR;
				CLANG_WARN_DOCUMENTATION_COMMENTS = YES;
				CLANG_WARN_EMPTY_BODY = YES;
				CLANG_WARN_ENUM_CONVERSION = YES;
				CLANG_WARN_INFINITE_RECURSION = YES;
				CLANG_WARN_INT_CONVERSION = YES;
				CLANG_WARN_NON_LITERAL_NULL_CONVERSION = YES;
				CLANG_WARN_OBJC_IMPLICIT_RETAIN_SELF = YES;
				CLANG_WARN_OBJC_LITERAL_CONVERSION = YES;
				CLANG_WARN_OBJC_ROOT_CLASS = YES_ERROR;
				CLANG_WARN_RANGE_LOOP_ANALYSIS = YES;
				CLANG_WARN_STRICT_PROTOTYPES = YES;
				CLANG_WARN_SUSPICIOUS_MOVE = YES;
				CLANG_WARN_UNGUARDED_AVAILABILITY = YES_AGGRESSIVE;
				CLANG_WARN_UNREACHABLE_CODE = YES;
				CLANG_WARN__DUPLICATE_METHOD_MATCH = YES;
				CODE_SIGN_IDENTITY = "iPhone Developer";
				COPY_PHASE_STRIP = NO;
				DEBUG_INFORMATION_FORMAT = "dwarf-with-dsym";
				ENABLE_NS_ASSERTIONS = NO;
				ENABLE_STRICT_OBJC_MSGSEND = YES;
				GCC_C_LANGUAGE_STANDARD = gnu11;
				GCC_NO_COMMON_BLOCKS = YES;
				GCC_WARN_64_TO_32_BIT_CONVERSION = YES;
				GCC_WARN_ABOUT_RETURN_TYPE = YES_ERROR;
				GCC_WARN_UNDECLARED_SELECTOR = YES;
				GCC_WARN_UNINITIALIZED_AUTOS = YES_AGGRESSIVE;
				GCC_WARN_UNUSED_FUNCTION = YES;
				GCC_WARN_UNUSED_VARIABLE = YES;
				IPHONEOS_DEPLOYMENT_TARGET = 12.1;
				MTL_ENABLE_DEBUG_INFO = NO;
				MTL_FAST_MATH = YES;
				SDKROOT = iphoneos;
				SWIFT_COMPILATION_MODE = wholemodule;
				SWIFT_OPTIMIZATION_LEVEL = "-O";
				VALIDATE_PRODUCT = YES;
			};
			name = Release;
		};
		3DB26C72219728D900FA38EF /* Debug */ = {
			isa = XCBuildConfiguration;
			baseConfigurationReference = 52561AB4E76ABABAB98B117B /* Pods-solariOSApp.debug.xcconfig */;
			buildSettings = {
				ASSETCATALOG_COMPILER_APPICON_NAME = AppIcon;
				CODE_SIGN_STYLE = Automatic;
				DEVELOPMENT_TEAM = 7LN94YUJ88;
				INFOPLIST_FILE = solariOSApp/Info.plist;
				LD_RUNPATH_SEARCH_PATHS = (
					"$(inherited)",
					"@executable_path/Frameworks",
				);
				PRODUCT_BUNDLE_IDENTIFIER = west.solariOSApp;
				PRODUCT_NAME = "$(TARGET_NAME)";
				SWIFT_VERSION = 4.2;
				TARGETED_DEVICE_FAMILY = "1,2";
			};
			name = Debug;
		};
		3DB26C73219728D900FA38EF /* Release */ = {
			isa = XCBuildConfiguration;
			baseConfigurationReference = 21B90700B1C3BA1A6E8DBCD3 /* Pods-solariOSApp.release.xcconfig */;
			buildSettings = {
				ASSETCATALOG_COMPILER_APPICON_NAME = AppIcon;
				CODE_SIGN_STYLE = Automatic;
				DEVELOPMENT_TEAM = 7LN94YUJ88;
				INFOPLIST_FILE = solariOSApp/Info.plist;
				LD_RUNPATH_SEARCH_PATHS = (
					"$(inherited)",
					"@executable_path/Frameworks",
				);
				PRODUCT_BUNDLE_IDENTIFIER = west.solariOSApp;
				PRODUCT_NAME = "$(TARGET_NAME)";
				SWIFT_VERSION = 4.2;
				TARGETED_DEVICE_FAMILY = "1,2";
			};
			name = Release;
		};
/* End XCBuildConfiguration section */

/* Begin XCConfigurationList section */
		3DB26C5A219728D700FA38EF /* Build configuration list for PBXProject "solariOSApp" */ = {
			isa = XCConfigurationList;
			buildConfigurations = (
				3DB26C6F219728D900FA38EF /* Debug */,
				3DB26C70219728D900FA38EF /* Release */,
			);
			defaultConfigurationIsVisible = 0;
			defaultConfigurationName = Release;
		};
		3DB26C71219728D900FA38EF /* Build configuration list for PBXNativeTarget "solariOSApp" */ = {
			isa = XCConfigurationList;
			buildConfigurations = (
				3DB26C72219728D900FA38EF /* Debug */,
				3DB26C73219728D900FA38EF /* Release */,
			);
			defaultConfigurationIsVisible = 0;
			defaultConfigurationName = Release;
		};
/* End XCConfigurationList section */
	};
	rootObject = 3DB26C57219728D700FA38EF /* Project object */;
}
